
Microsoft Visual Studio Solution File, Format Version 12.00
Project("{FAE04EC0-301F-11D3-BF4B-00C04F79EFBC}") = "Sunrise.Server", "Sunrise.Server/Sunrise.Server.csproj", "{7D059CAB-5B22-4E12-B69E-CC45838060CE}"
EndProject
Project("{FAE04EC0-301F-11D3-BF4B-00C04F79EFBC}") = "Sunrise.Server.Tests", "Sunrise.Server.Tests/Sunrise.Server.Tests.csproj", "{64B08BB6-2F73-492F-AFA5-EBEA99E5467D}"
EndProject
Global
	GlobalSection(SolutionConfigurationPlatforms) = preSolution
		Debug|Any CPU = Debug|Any CPU
		Release|Any CPU = Release|Any CPU
	EndGlobalSection
	GlobalSection(ProjectConfigurationPlatforms) = postSolution
		{7D059CAB-5B22-4E12-B69E-CC45838060CE}.Debug|Any CPU.ActiveCfg = Debug|Any CPU
		{7D059CAB-5B22-4E12-B69E-CC45838060CE}.Debug|Any CPU.Build.0 = Debug|Any CPU
		{7D059CAB-5B22-4E12-B69E-CC45838060CE}.Release|Any CPU.ActiveCfg = Release|Any CPU
		{7D059CAB-5B22-4E12-B69E-CC45838060CE}.Release|Any CPU.Build.0 = Release|Any CPU
		{64B08BB6-2F73-492F-AFA5-EBEA99E5467D}.Debug|Any CPU.ActiveCfg = Debug|Any CPU
		{64B08BB6-2F73-492F-AFA5-EBEA99E5467D}.Debug|Any CPU.Build.0 = Debug|Any CPU
		{64B08BB6-2F73-492F-AFA5-EBEA99E5467D}.Release|Any CPU.ActiveCfg = Release|Any CPU
		{64B08BB6-2F73-492F-AFA5-EBEA99E5467D}.Release|Any CPU.Build.0 = Release|Any CPU
	EndGlobalSection
EndGlobal
