
Microsoft Visual Studio Solution File, Format Version 12.00
Project("{FAE04EC0-301F-11D3-BF4B-00C04F79EFBC}") = "Sunrise.Server", "Sunrise.Server/Sunrise.Server.csproj", "{7D059CAB-5B22-4E12-B69E-CC45838060CE}"
EndProject
Project("{FAE04EC0-301F-11D3-BF4B-00C04F79EFBC}") = "Sunrise.Server.Tests", "Sunrise.Server.Tests/Sunrise.Server.Tests.csproj", "{64B08BB6-2F73-492F-AFA5-EBEA99E5467D}"
EndProject
Project("{FAE04EC0-301F-11D3-BF4B-00C04F79EFBC}") = "Sunrise.Shared", "Sunrise.Shared\Sunrise.Shared.csproj", "{F22C4C70-AEFF-4E20-B6AD-0E459EFA7E97}"
EndProject
Project("{FAE04EC0-301F-11D3-BF4B-00C04F79EFBC}") = "Sunrise.API", "Sunrise.API\Sunrise.API.csproj", "{367B5B56-51E3-4BC7-8C9E-3F8A4C4201D9}"
EndProject
Project("{FAE04EC0-301F-11D3-BF4B-00C04F79EFBC}") = "Sunrise.Tests", "Sunrise.Tests\Sunrise.Tests.csproj", "{CD76BA60-6771-447E-8D24-E3CEEB625FEB}"
EndProject
Global
	GlobalSection(SolutionConfigurationPlatforms) = preSolution
		Debug|Any CPU = Debug|Any CPU
		Release|Any CPU = Release|Any CPU
	EndGlobalSection
	GlobalSection(ProjectConfigurationPlatforms) = postSolution
		{7D059CAB-5B22-4E12-B69E-CC45838060CE}.Debug|Any CPU.ActiveCfg = Debug|Any CPU
		{7D059CAB-5B22-4E12-B69E-CC45838060CE}.Debug|Any CPU.Build.0 = Debug|Any CPU
		{7D059CAB-5B22-4E12-B69E-CC45838060CE}.Release|Any CPU.ActiveCfg = Release|Any CPU
		{7D059CAB-5B22-4E12-B69E-CC45838060CE}.Release|Any CPU.Build.0 = Release|Any CPU
		{64B08BB6-2F73-492F-AFA5-EBEA99E5467D}.Debug|Any CPU.ActiveCfg = Debug|Any CPU
		{64B08BB6-2F73-492F-AFA5-EBEA99E5467D}.Debug|Any CPU.Build.0 = Debug|Any CPU
		{64B08BB6-2F73-492F-AFA5-EBEA99E5467D}.Release|Any CPU.ActiveCfg = Release|Any CPU
		{64B08BB6-2F73-492F-AFA5-EBEA99E5467D}.Release|Any CPU.Build.0 = Release|Any CPU
		{F22C4C70-AEFF-4E20-B6AD-0E459EFA7E97}.Debug|Any CPU.ActiveCfg = Debug|Any CPU
		{F22C4C70-AEFF-4E20-B6AD-0E459EFA7E97}.Debug|Any CPU.Build.0 = Debug|Any CPU
		{F22C4C70-AEFF-4E20-B6AD-0E459EFA7E97}.Release|Any CPU.ActiveCfg = Release|Any CPU
		{F22C4C70-AEFF-4E20-B6AD-0E459EFA7E97}.Release|Any CPU.Build.0 = Release|Any CPU
		{367B5B56-51E3-4BC7-8C9E-3F8A4C4201D9}.Debug|Any CPU.ActiveCfg = Debug|Any CPU
		{367B5B56-51E3-4BC7-8C9E-3F8A4C4201D9}.Debug|Any CPU.Build.0 = Debug|Any CPU
		{367B5B56-51E3-4BC7-8C9E-3F8A4C4201D9}.Release|Any CPU.ActiveCfg = Release|Any CPU
		{367B5B56-51E3-4BC7-8C9E-3F8A4C4201D9}.Release|Any CPU.Build.0 = Release|Any CPU
		{CD76BA60-6771-447E-8D24-E3CEEB625FEB}.Debug|Any CPU.ActiveCfg = Debug|Any CPU
		{CD76BA60-6771-447E-8D24-E3CEEB625FEB}.Debug|Any CPU.Build.0 = Debug|Any CPU
		{CD76BA60-6771-447E-8D24-E3CEEB625FEB}.Release|Any CPU.ActiveCfg = Release|Any CPU
		{CD76BA60-6771-447E-8D24-E3CEEB625FEB}.Release|Any CPU.Build.0 = Release|Any CPU
	EndGlobalSection
EndGlobal
